
Microsoft Visual Studio Solution File, Format Version 12.00
# Visual Studio 15
VisualStudioVersion = 15.0.26124.0
MinimumVisualStudioVersion = 15.0.26124.0
Project("{FAE04EC0-301F-11D3-BF4B-00C04F79EFBC}") = "Flunt.Extensions.Br", "Flunt.Extensions.Br\Flunt.Extensions.Br.csproj", "{C71290FB-371F-4785-9C8F-09145F2608C2}"
EndProject
Project("{FAE04EC0-301F-11D3-BF4B-00C04F79EFBC}") = "Flunt.Extensions.Br.Tests", "Flunt.Extensions.Br.Tests\Flunt.Extensions.Br.Tests.csproj", "{129C200A-6896-404C-9C83-B290AAF9B003}"
EndProject
Global
	GlobalSection(SolutionConfigurationPlatforms) = preSolution
		Debug|Any CPU = Debug|Any CPU
		Debug|x64 = Debug|x64
		Debug|x86 = Debug|x86
		Release|Any CPU = Release|Any CPU
		Release|x64 = Release|x64
		Release|x86 = Release|x86
	EndGlobalSection
	GlobalSection(SolutionProperties) = preSolution
		HideSolutionNode = FALSE
	EndGlobalSection
	GlobalSection(ProjectConfigurationPlatforms) = postSolution
		{C71290FB-371F-4785-9C8F-09145F2608C2}.Debug|Any CPU.ActiveCfg = Debug|Any CPU
		{C71290FB-371F-4785-9C8F-09145F2608C2}.Debug|Any CPU.Build.0 = Debug|Any CPU
		{C71290FB-371F-4785-9C8F-09145F2608C2}.Debug|x64.ActiveCfg = Debug|Any CPU
		{C71290FB-371F-4785-9C8F-09145F2608C2}.Debug|x64.Build.0 = Debug|Any CPU
		{C71290FB-371F-4785-9C8F-09145F2608C2}.Debug|x86.ActiveCfg = Debug|Any CPU
		{C71290FB-371F-4785-9C8F-09145F2608C2}.Debug|x86.Build.0 = Debug|Any CPU
		{C71290FB-371F-4785-9C8F-09145F2608C2}.Release|Any CPU.ActiveCfg = Release|Any CPU
		{C71290FB-371F-4785-9C8F-09145F2608C2}.Release|Any CPU.Build.0 = Release|Any CPU
		{C71290FB-371F-4785-9C8F-09145F2608C2}.Release|x64.ActiveCfg = Release|Any CPU
		{C71290FB-371F-4785-9C8F-09145F2608C2}.Release|x64.Build.0 = Release|Any CPU
		{C71290FB-371F-4785-9C8F-09145F2608C2}.Release|x86.ActiveCfg = Release|Any CPU
		{C71290FB-371F-4785-9C8F-09145F2608C2}.Release|x86.Build.0 = Release|Any CPU
		{129C200A-6896-404C-9C83-B290AAF9B003}.Debug|Any CPU.ActiveCfg = Debug|Any CPU
		{129C200A-6896-404C-9C83-B290AAF9B003}.Debug|Any CPU.Build.0 = Debug|Any CPU
		{129C200A-6896-404C-9C83-B290AAF9B003}.Debug|x64.ActiveCfg = Debug|Any CPU
		{129C200A-6896-404C-9C83-B290AAF9B003}.Debug|x64.Build.0 = Debug|Any CPU
		{129C200A-6896-404C-9C83-B290AAF9B003}.Debug|x86.ActiveCfg = Debug|Any CPU
		{129C200A-6896-404C-9C83-B290AAF9B003}.Debug|x86.Build.0 = Debug|Any CPU
		{129C200A-6896-404C-9C83-B290AAF9B003}.Release|Any CPU.ActiveCfg = Release|Any CPU
		{129C200A-6896-404C-9C83-B290AAF9B003}.Release|Any CPU.Build.0 = Release|Any CPU
		{129C200A-6896-404C-9C83-B290AAF9B003}.Release|x64.ActiveCfg = Release|Any CPU
		{129C200A-6896-404C-9C83-B290AAF9B003}.Release|x64.Build.0 = Release|Any CPU
		{129C200A-6896-404C-9C83-B290AAF9B003}.Release|x86.ActiveCfg = Release|Any CPU
		{129C200A-6896-404C-9C83-B290AAF9B003}.Release|x86.Build.0 = Release|Any CPU
	EndGlobalSection
EndGlobal
